// !$*UTF8*$!
{
	archiveVersion = 1;
	classes = {
	};
	objectVersion = 50;
	objects = {

/* Begin PBXBuildFile section */
		3E3D6F4825AF9CDF00FC4F8F /* AppDelegate.swift in Sources */ = {isa = PBXBuildFile; fileRef = 3E3D6F4725AF9CDF00FC4F8F /* AppDelegate.swift */; };
		3E3D6F4A25AF9CDF00FC4F8F /* SceneDelegate.swift in Sources */ = {isa = PBXBuildFile; fileRef = 3E3D6F4925AF9CDF00FC4F8F /* SceneDelegate.swift */; };
		3E3D6F4C25AF9CE000FC4F8F /* ContentView.swift in Sources */ = {isa = PBXBuildFile; fileRef = 3E3D6F4B25AF9CE000FC4F8F /* ContentView.swift */; };
		3E3D6F4E25AF9CF200FC4F8F /* Assets.xcassets in Resources */ = {isa = PBXBuildFile; fileRef = 3E3D6F4D25AF9CF200FC4F8F /* Assets.xcassets */; };
		3E3D6F5125AF9CF200FC4F8F /* Preview Assets.xcassets in Resources */ = {isa = PBXBuildFile; fileRef = 3E3D6F5025AF9CF200FC4F8F /* Preview Assets.xcassets */; };
		3E3D6F5425AF9CF200FC4F8F /* LaunchScreen.storyboard in Resources */ = {isa = PBXBuildFile; fileRef = 3E3D6F5225AF9CF200FC4F8F /* LaunchScreen.storyboard */; };
		3E3D6F5C25AF9F7800FC4F8F /* Constants.swift in Sources */ = {isa = PBXBuildFile; fileRef = 3E3D6F5B25AF9F7700FC4F8F /* Constants.swift */; };
		3E3D6F5E25AFE49600FC4F8F /* InfoView.swift in Sources */ = {isa = PBXBuildFile; fileRef = 3E3D6F5D25AFE49500FC4F8F /* InfoView.swift */; };
/* End PBXBuildFile section */

/* Begin PBXFileReference section */
		3E3D6F4425AF9CDF00FC4F8F /* RodrigoCard.app */ = {isa = PBXFileReference; explicitFileType = wrapper.application; includeInIndex = 0; path = RodrigoCard.app; sourceTree = BUILT_PRODUCTS_DIR; };
		3E3D6F4725AF9CDF00FC4F8F /* AppDelegate.swift */ = {isa = PBXFileReference; lastKnownFileType = sourcecode.swift; path = AppDelegate.swift; sourceTree = "<group>"; };
		3E3D6F4925AF9CDF00FC4F8F /* SceneDelegate.swift */ = {isa = PBXFileReference; lastKnownFileType = sourcecode.swift; path = SceneDelegate.swift; sourceTree = "<group>"; };
		3E3D6F4B25AF9CE000FC4F8F /* ContentView.swift */ = {isa = PBXFileReference; lastKnownFileType = sourcecode.swift; path = ContentView.swift; sourceTree = "<group>"; };
		3E3D6F4D25AF9CF200FC4F8F /* Assets.xcassets */ = {isa = PBXFileReference; lastKnownFileType = folder.assetcatalog; path = Assets.xcassets; sourceTree = "<group>"; };
		3E3D6F5025AF9CF200FC4F8F /* Preview Assets.xcassets */ = {isa = PBXFileReference; lastKnownFileType = folder.assetcatalog; path = "Preview Assets.xcassets"; sourceTree = "<group>"; };
		3E3D6F5325AF9CF200FC4F8F /* Base */ = {isa = PBXFileReference; lastKnownFileType = file.storyboard; name = Base; path = Base.lproj/LaunchScreen.storyboard; sourceTree = "<group>"; };
		3E3D6F5525AF9CF200FC4F8F /* Info.plist */ = {isa = PBXFileReference; lastKnownFileType = text.plist.xml; path = Info.plist; sourceTree = "<group>"; };
		3E3D6F5B25AF9F7700FC4F8F /* Constants.swift */ = {isa = PBXFileReference; lastKnownFileType = sourcecode.swift; path = Constants.swift; sourceTree = "<group>"; };
		3E3D6F5D25AFE49500FC4F8F /* InfoView.swift */ = {isa = PBXFileReference; lastKnownFileType = sourcecode.swift; path = InfoView.swift; sourceTree = "<group>"; };
/* End PBXFileReference section */

/* Begin PBXFrameworksBuildPhase section */
		3E3D6F4125AF9CDF00FC4F8F /* Frameworks */ = {
			isa = PBXFrameworksBuildPhase;
			buildActionMask = 2147483647;
			files = (
			);
			runOnlyForDeploymentPostprocessing = 0;
		};
/* End PBXFrameworksBuildPhase section */

/* Begin PBXGroup section */
		3E3D6F3B25AF9CDE00FC4F8F = {
			isa = PBXGroup;
			children = (
				3E3D6F4625AF9CDF00FC4F8F /* RodrigoCard */,
				3E3D6F4525AF9CDF00FC4F8F /* Products */,
			);
			sourceTree = "<group>";
		};
		3E3D6F4525AF9CDF00FC4F8F /* Products */ = {
			isa = PBXGroup;
			children = (
				3E3D6F4425AF9CDF00FC4F8F /* RodrigoCard.app */,
			);
			name = Products;
			sourceTree = "<group>";
		};
		3E3D6F4625AF9CDF00FC4F8F /* RodrigoCard */ = {
			isa = PBXGroup;
			children = (
				3E3D6F4725AF9CDF00FC4F8F /* AppDelegate.swift */,
				3E3D6F4925AF9CDF00FC4F8F /* SceneDelegate.swift */,
				3E3D6F4B25AF9CE000FC4F8F /* ContentView.swift */,
				3E3D6F4D25AF9CF200FC4F8F /* Assets.xcassets */,
				3E3D6F5225AF9CF200FC4F8F /* LaunchScreen.storyboard */,
				3E3D6F5525AF9CF200FC4F8F /* Info.plist */,
				3E3D6F4F25AF9CF200FC4F8F /* Preview Content */,
				3E3D6F5B25AF9F7700FC4F8F /* Constants.swift */,
				3E3D6F5D25AFE49500FC4F8F /* InfoView.swift */,
			);
			path = RodrigoCard;
			sourceTree = "<group>";
		};
		3E3D6F4F25AF9CF200FC4F8F /* Preview Content */ = {
			isa = PBXGroup;
			children = (
				3E3D6F5025AF9CF200FC4F8F /* Preview Assets.xcassets */,
			);
			path = "Preview Content";
			sourceTree = "<group>";
		};
/* End PBXGroup section */

/* Begin PBXNativeTarget section */
		3E3D6F4325AF9CDF00FC4F8F /* RodrigoCard */ = {
			isa = PBXNativeTarget;
			buildConfigurationList = 3E3D6F5825AF9CF200FC4F8F /* Build configuration list for PBXNativeTarget "RodrigoCard" */;
			buildPhases = (
				3E3D6F4025AF9CDF00FC4F8F /* Sources */,
				3E3D6F4125AF9CDF00FC4F8F /* Frameworks */,
				3E3D6F4225AF9CDF00FC4F8F /* Resources */,
			);
			buildRules = (
			);
			dependencies = (
			);
			name = RodrigoCard;
			productName = RodrigoCard;
			productReference = 3E3D6F4425AF9CDF00FC4F8F /* RodrigoCard.app */;
			productType = "com.apple.product-type.application";
		};
/* End PBXNativeTarget section */

/* Begin PBXProject section */
		3E3D6F3C25AF9CDF00FC4F8F /* Project object */ = {
			isa = PBXProject;
			attributes = {
				LastSwiftUpdateCheck = 1170;
				LastUpgradeCheck = 1170;
				ORGANIZATIONNAME = "Maidana Rodrigo";
				TargetAttributes = {
					3E3D6F4325AF9CDF00FC4F8F = {
						CreatedOnToolsVersion = 11.7;
					};
				};
			};
			buildConfigurationList = 3E3D6F3F25AF9CDF00FC4F8F /* Build configuration list for PBXProject "RodrigoCard" */;
			compatibilityVersion = "Xcode 9.3";
			developmentRegion = en;
			hasScannedForEncodings = 0;
			knownRegions = (
				en,
				Base,
			);
			mainGroup = 3E3D6F3B25AF9CDE00FC4F8F;
			productRefGroup = 3E3D6F4525AF9CDF00FC4F8F /* Products */;
			projectDirPath = "";
			projectRoot = "";
			targets = (
				3E3D6F4325AF9CDF00FC4F8F /* RodrigoCard */,
			);
		};
/* End PBXProject section */

/* Begin PBXResourcesBuildPhase section */
		3E3D6F4225AF9CDF00FC4F8F /* Resources */ = {
			isa = PBXResourcesBuildPhase;
			buildActionMask = 2147483647;
			files = (
				3E3D6F5425AF9CF200FC4F8F /* LaunchScreen.storyboard in Resources */,
				3E3D6F5125AF9CF200FC4F8F /* Preview Assets.xcassets in Resources */,
				3E3D6F4E25AF9CF200FC4F8F /* Assets.xcassets in Resources */,
			);
			runOnlyForDeploymentPostprocessing = 0;
		};
/* End PBXResourcesBuildPhase section */

/* Begin PBXSourcesBuildPhase section */
		3E3D6F4025AF9CDF00FC4F8F /* Sources */ = {
			isa = PBXSourcesBuildPhase;
			buildActionMask = 2147483647;
			files = (
				3E3D6F4825AF9CDF00FC4F8F /* AppDelegate.swift in Sources */,
				3E3D6F4A25AF9CDF00FC4F8F /* SceneDelegate.swift in Sources */,
				3E3D6F4C25AF9CE000FC4F8F /* ContentView.swift in Sources */,
				3E3D6F5E25AFE49600FC4F8F /* InfoView.swift in Sources */,
				3E3D6F5C25AF9F7800FC4F8F /* Constants.swift in Sources */,
			);
			runOnlyForDeploymentPostprocessing = 0;
		};
/* End PBXSourcesBuildPhase section */

/* Begin PBXVariantGroup section */
		3E3D6F5225AF9CF200FC4F8F /* LaunchScreen.storyboard */ = {
			isa = PBXVariantGroup;
			children = (
				3E3D6F5325AF9CF200FC4F8F /* Base */,
			);
			name = LaunchScreen.storyboard;
			sourceTree = "<group>";
		};
/* End PBXVariantGroup section */

/* Begin XCBuildConfiguration section */
		3E3D6F5625AF9CF200FC4F8F /* Debug */ = {
			isa = XCBuildConfiguration;
			buildSettings = {
				ALWAYS_SEARCH_USER_PATHS = NO;
				CLANG_ANALYZER_NONNULL = YES;
				CLANG_ANALYZER_NUMBER_OBJECT_CONVERSION = YES_AGGRESSIVE;
				CLANG_CXX_LANGUAGE_STANDARD = "gnu++14";
				CLANG_CXX_LIBRARY = "libc++";
				CLANG_ENABLE_MODULES = YES;
				CLANG_ENABLE_OBJC_ARC = YES;
				CLANG_ENABLE_OBJC_WEAK = YES;
				CLANG_WARN_BLOCK_CAPTURE_AUTORELEASING = YES;
				CLANG_WARN_BOOL_CONVERSION = YES;
				CLANG_WARN_COMMA = YES;
				CLANG_WARN_CONSTANT_CONVERSION = YES;
				CLANG_WARN_DEPRECATED_OBJC_IMPLEMENTATIONS = YES;
				CLANG_WARN_DIRECT_OBJC_ISA_USAGE = YES_ERROR;
				CLANG_WARN_DOCUMENTATION_COMMENTS = YES;
				CLANG_WARN_EMPTY_BODY = YES;
				CLANG_WARN_ENUM_CONVERSION = YES;
				CLANG_WARN_INFINITE_RECURSION = YES;
				CLANG_WARN_INT_CONVERSION = YES;
				CLANG_WARN_NON_LITERAL_NULL_CONVERSION = YES;
				CLANG_WARN_OBJC_IMPLICIT_RETAIN_SELF = YES;
				CLANG_WARN_OBJC_LITERAL_CONVERSION = YES;
				CLANG_WARN_OBJC_ROOT_CLASS = YES_ERROR;
				CLANG_WARN_RANGE_LOOP_ANALYSIS = YES;
				CLANG_WARN_STRICT_PROTOTYPES = YES;
				CLANG_WARN_SUSPICIOUS_MOVE = YES;
				CLANG_WARN_UNGUARDED_AVAILABILITY = YES_AGGRESSIVE;
				CLANG_WARN_UNREACHABLE_CODE = YES;
				CLANG_WARN__DUPLICATE_METHOD_MATCH = YES;
				COPY_PHASE_STRIP = NO;
				DEBUG_INFORMATION_FORMAT = dwarf;
				ENABLE_STRICT_OBJC_MSGSEND = YES;
				ENABLE_TESTABILITY = YES;
				GCC_C_LANGUAGE_STANDARD = gnu11;
				GCC_DYNAMIC_NO_PIC = NO;
				GCC_NO_COMMON_BLOCKS = YES;
				GCC_OPTIMIZATION_LEVEL = 0;
				GCC_PREPROCESSOR_DEFINITIONS = (
					"DEBUG=1",
					"$(inherited)",
				);
				GCC_WARN_64_TO_32_BIT_CONVERSION = YES;
				GCC_WARN_ABOUT_RETURN_TYPE = YES_ERROR;
				GCC_WARN_UNDECLARED_SELECTOR = YES;
				GCC_WARN_UNINITIALIZED_AUTOS = YES_AGGRESSIVE;
				GCC_WARN_UNUSED_FUNCTION = YES;
				GCC_WARN_UNUSED_VARIABLE = YES;
				IPHONEOS_DEPLOYMENT_TARGET = 13.7;
				MTL_ENABLE_DEBUG_INFO = INCLUDE_SOURCE;
				MTL_FAST_MATH = YES;
				ONLY_ACTIVE_ARCH = YES;
				SDKROOT = iphoneos;
				SWIFT_ACTIVE_COMPILATION_CONDITIONS = DEBUG;
				SWIFT_OPTIMIZATION_LEVEL = "-Onone";
			};
			name = Debug;
		};
		3E3D6F5725AF9CF200FC4F8F /* Release */ = {
			isa = XCBuildConfiguration;
			buildSettings = {
				ALWAYS_SEARCH_USER_PATHS = NO;
				CLANG_ANALYZER_NONNULL = YES;
				CLANG_ANALYZER_NUMBER_OBJECT_CONVERSION = YES_AGGRESSIVE;
				CLANG_CXX_LANGUAGE_STANDARD = "gnu++14";
				CLANG_CXX_LIBRARY = "libc++";
				CLANG_ENABLE_MODULES = YES;
				CLANG_ENABLE_OBJC_ARC = YES;
				CLANG_ENABLE_OBJC_WEAK = YES;
				CLANG_WARN_BLOCK_CAPTURE_AUTORELEASING = YES;
				CLANG_WARN_BOOL_CONVERSION = YES;
				CLANG_WARN_COMMA = YES;
				CLANG_WARN_CONSTANT_CONVERSION = YES;
				CLANG_WARN_DEPRECATED_OBJC_IMPLEMENTATIONS = YES;
				CLANG_WARN_DIRECT_OBJC_ISA_USAGE = YES_ERROR;
				CLANG_WARN_DOCUMENTATION_COMMENTS = YES;
				CLANG_WARN_EMPTY_BODY = YES;
				CLANG_WARN_ENUM_CONVERSION = YES;
				CLANG_WARN_INFINITE_RECURSION = YES;
				CLANG_WARN_INT_CONVERSION = YES;
				CLANG_WARN_NON_LITERAL_NULL_CONVERSION = YES;
				CLANG_WARN_OBJC_IMPLICIT_RETAIN_SELF = YES;
				CLANG_WARN_OBJC_LITERAL_CONVERSION = YES;
				CLANG_WARN_OBJC_ROOT_CLASS = YES_ERROR;
				CLANG_WARN_RANGE_LOOP_ANALYSIS = YES;
				CLANG_WARN_STRICT_PROTOTYPES = YES;
				CLANG_WARN_SUSPICIOUS_MOVE = YES;
				CLANG_WARN_UNGUARDED_AVAILABILITY = YES_AGGRESSIVE;
				CLANG_WARN_UNREACHABLE_CODE = YES;
				CLANG_WARN__DUPLICATE_METHOD_MATCH = YES;
				COPY_PHASE_STRIP = NO;
				DEBUG_INFORMATION_FORMAT = "dwarf-with-dsym";
				ENABLE_NS_ASSERTIONS = NO;
				ENABLE_STRICT_OBJC_MSGSEND = YES;
				GCC_C_LANGUAGE_STANDARD = gnu11;
				GCC_NO_COMMON_BLOCKS = YES;
				GCC_WARN_64_TO_32_BIT_CONVERSION = YES;
				GCC_WARN_ABOUT_RETURN_TYPE = YES_ERROR;
				GCC_WARN_UNDECLARED_SELECTOR = YES;
				GCC_WARN_UNINITIALIZED_AUTOS = YES_AGGRESSIVE;
				GCC_WARN_UNUSED_FUNCTION = YES;
				GCC_WARN_UNUSED_VARIABLE = YES;
				IPHONEOS_DEPLOYMENT_TARGET = 13.7;
				MTL_ENABLE_DEBUG_INFO = NO;
				MTL_FAST_MATH = YES;
				SDKROOT = iphoneos;
				SWIFT_COMPILATION_MODE = wholemodule;
				SWIFT_OPTIMIZATION_LEVEL = "-O";
				VALIDATE_PRODUCT = YES;
			};
			name = Release;
		};
		3E3D6F5925AF9CF200FC4F8F /* Debug */ = {
			isa = XCBuildConfiguration;
			buildSettings = {
				ASSETCATALOG_COMPILER_APPICON_NAME = AppIcon;
				CODE_SIGN_STYLE = Automatic;
				DEVELOPMENT_ASSET_PATHS = "\"RodrigoCard/Preview Content\"";
				ENABLE_PREVIEWS = YES;
				INFOPLIST_FILE = RodrigoCard/Info.plist;
				LD_RUNPATH_SEARCH_PATHS = (
					"$(inherited)",
					"@executable_path/Frameworks",
				);
				PRODUCT_BUNDLE_IDENTIFIER = com.RodeoDev.RodrigoCard;
				PRODUCT_NAME = "$(TARGET_NAME)";
				SWIFT_VERSION = 5.0;
				TARGETED_DEVICE_FAMILY = "1,2";
			};
			name = Debug;
		};
		3E3D6F5A25AF9CF200FC4F8F /* Release */ = {
			isa = XCBuildConfiguration;
			buildSettings = {
				ASSETCATALOG_COMPILER_APPICON_NAME = AppIcon;
				CODE_SIGN_STYLE = Automatic;
				DEVELOPMENT_ASSET_PATHS = "\"RodrigoCard/Preview Content\"";
				ENABLE_PREVIEWS = YES;
				INFOPLIST_FILE = RodrigoCard/Info.plist;
				LD_RUNPATH_SEARCH_PATHS = (
					"$(inherited)",
					"@executable_path/Frameworks",
				);
				PRODUCT_BUNDLE_IDENTIFIER = com.RodeoDev.RodrigoCard;
				PRODUCT_NAME = "$(TARGET_NAME)";
				SWIFT_VERSION = 5.0;
				TARGETED_DEVICE_FAMILY = "1,2";
			};
			name = Release;
		};
/* End XCBuildConfiguration section */

/* Begin XCConfigurationList section */
		3E3D6F3F25AF9CDF00FC4F8F /* Build configuration list for PBXProject "RodrigoCard" */ = {
			isa = XCConfigurationList;
			buildConfigurations = (
				3E3D6F5625AF9CF200FC4F8F /* Debug */,
				3E3D6F5725AF9CF200FC4F8F /* Release */,
			);
			defaultConfigurationIsVisible = 0;
			defaultConfigurationName = Release;
		};
		3E3D6F5825AF9CF200FC4F8F /* Build configuration list for PBXNativeTarget "RodrigoCard" */ = {
			isa = XCConfigurationList;
			buildConfigurations = (
				3E3D6F5925AF9CF200FC4F8F /* Debug */,
				3E3D6F5A25AF9CF200FC4F8F /* Release */,
			);
			defaultConfigurationIsVisible = 0;
			defaultConfigurationName = Release;
		};
/* End XCConfigurationList section */
	};
	rootObject = 3E3D6F3C25AF9CDF00FC4F8F /* Project object */;
}
